
Microsoft Visual Studio Solution File, Format Version 12.00
# Visual Studio Version 16
VisualStudioVersion = 16.0.30503.244
MinimumVisualStudioVersion = 10.0.40219.1
Project("{9A19103F-16F7-4668-BE54-9A1E7A4F7556}") = "AppGameLoans.Domain", "AppGameLoans.Domain\AppGameLoans.Domain.csproj", "{19EED6F6-B932-4ED3-A2CD-D654D3043C5F}"
EndProject
Project("{9A19103F-16F7-4668-BE54-9A1E7A4F7556}") = "AppGameLoans.Persistence", "AppGameLoans.Persistence\AppGameLoans.Persistence.csproj", "{DDC095F3-AA5A-419C-804A-F162CBF1FD31}"
EndProject
Project("{9A19103F-16F7-4668-BE54-9A1E7A4F7556}") = "AppGameLoans.Utilities", "AppGameLoans.Utilities\AppGameLoans.Utilities.csproj", "{87379384-3496-46F1-9AE2-314E3C58F656}"
EndProject
Project("{9A19103F-16F7-4668-BE54-9A1E7A4F7556}") = "AppGameLoans.Api", "AppGameLoans.Api\AppGameLoans.Api.csproj", "{29C3C115-5633-424B-B545-05F43223265B}"
EndProject
Project("{9A19103F-16F7-4668-BE54-9A1E7A4F7556}") = "AppGameLoans.Services", "AppGameLoans.Services\AppGameLoans.Services.csproj", "{6CEEB923-B845-4158-8326-69D673E16717}"
EndProject
Project("{FAE04EC0-301F-11D3-BF4B-00C04F79EFBC}") = "AppGameLoans.Tests", "AppGameLoans.Tests\AppGameLoans.Tests.csproj", "{E5F2591E-574F-430D-B8EB-42244FE5B287}"
EndProject
Global
	GlobalSection(SolutionConfigurationPlatforms) = preSolution
		Debug|Any CPU = Debug|Any CPU
		Release|Any CPU = Release|Any CPU
	EndGlobalSection
	GlobalSection(ProjectConfigurationPlatforms) = postSolution
		{19EED6F6-B932-4ED3-A2CD-D654D3043C5F}.Debug|Any CPU.ActiveCfg = Debug|Any CPU
		{19EED6F6-B932-4ED3-A2CD-D654D3043C5F}.Debug|Any CPU.Build.0 = Debug|Any CPU
		{19EED6F6-B932-4ED3-A2CD-D654D3043C5F}.Release|Any CPU.ActiveCfg = Release|Any CPU
		{19EED6F6-B932-4ED3-A2CD-D654D3043C5F}.Release|Any CPU.Build.0 = Release|Any CPU
		{DDC095F3-AA5A-419C-804A-F162CBF1FD31}.Debug|Any CPU.ActiveCfg = Debug|Any CPU
		{DDC095F3-AA5A-419C-804A-F162CBF1FD31}.Debug|Any CPU.Build.0 = Debug|Any CPU
		{DDC095F3-AA5A-419C-804A-F162CBF1FD31}.Release|Any CPU.ActiveCfg = Release|Any CPU
		{DDC095F3-AA5A-419C-804A-F162CBF1FD31}.Release|Any CPU.Build.0 = Release|Any CPU
		{87379384-3496-46F1-9AE2-314E3C58F656}.Debug|Any CPU.ActiveCfg = Debug|Any CPU
		{87379384-3496-46F1-9AE2-314E3C58F656}.Debug|Any CPU.Build.0 = Debug|Any CPU
		{87379384-3496-46F1-9AE2-314E3C58F656}.Release|Any CPU.ActiveCfg = Release|Any CPU
		{87379384-3496-46F1-9AE2-314E3C58F656}.Release|Any CPU.Build.0 = Release|Any CPU
		{29C3C115-5633-424B-B545-05F43223265B}.Debug|Any CPU.ActiveCfg = Debug|Any CPU
		{29C3C115-5633-424B-B545-05F43223265B}.Debug|Any CPU.Build.0 = Debug|Any CPU
		{29C3C115-5633-424B-B545-05F43223265B}.Release|Any CPU.ActiveCfg = Release|Any CPU
		{29C3C115-5633-424B-B545-05F43223265B}.Release|Any CPU.Build.0 = Release|Any CPU
		{6CEEB923-B845-4158-8326-69D673E16717}.Debug|Any CPU.ActiveCfg = Debug|Any CPU
		{6CEEB923-B845-4158-8326-69D673E16717}.Debug|Any CPU.Build.0 = Debug|Any CPU
		{6CEEB923-B845-4158-8326-69D673E16717}.Release|Any CPU.ActiveCfg = Release|Any CPU
		{6CEEB923-B845-4158-8326-69D673E16717}.Release|Any CPU.Build.0 = Release|Any CPU
		{E5F2591E-574F-430D-B8EB-42244FE5B287}.Debug|Any CPU.ActiveCfg = Debug|Any CPU
		{E5F2591E-574F-430D-B8EB-42244FE5B287}.Debug|Any CPU.Build.0 = Debug|Any CPU
		{E5F2591E-574F-430D-B8EB-42244FE5B287}.Release|Any CPU.ActiveCfg = Release|Any CPU
		{E5F2591E-574F-430D-B8EB-42244FE5B287}.Release|Any CPU.Build.0 = Release|Any CPU
	EndGlobalSection
	GlobalSection(SolutionProperties) = preSolution
		HideSolutionNode = FALSE
	EndGlobalSection
	GlobalSection(ExtensibilityGlobals) = postSolution
		SolutionGuid = {76F61163-2791-49CA-989D-74E7D63AF4A4}
	EndGlobalSection
EndGlobal
